// !$*UTF8*$!
{
	archiveVersion = 1;
	classes = {
	};
	objectVersion = 46;
	objects = {

/* Begin PBXBuildFile section */
		A72C37A818F7E90E009492B4 /* Foundation.framework in Frameworks */ = {isa = PBXBuildFile; fileRef = A72C37A718F7E90E009492B4 /* Foundation.framework */; };
		A72C37AA18F7E90E009492B4 /* CoreGraphics.framework in Frameworks */ = {isa = PBXBuildFile; fileRef = A72C37A918F7E90E009492B4 /* CoreGraphics.framework */; };
		A72C37AC18F7E90E009492B4 /* UIKit.framework in Frameworks */ = {isa = PBXBuildFile; fileRef = A72C37AB18F7E90E009492B4 /* UIKit.framework */; };
		A72C37B418F7E90E009492B4 /* main.m in Sources */ = {isa = PBXBuildFile; fileRef = A72C37B318F7E90E009492B4 /* main.m */; };
		A72C37B818F7E90E009492B4 /* AppDelegate.m in Sources */ = {isa = PBXBuildFile; fileRef = A72C37B718F7E90E009492B4 /* AppDelegate.m */; };
		A72C37BB18F7E90E009492B4 /* Main.storyboard in Resources */ = {isa = PBXBuildFile; fileRef = A72C37B918F7E90E009492B4 /* Main.storyboard */; };
		A72C37C018F7E90E009492B4 /* Images.xcassets in Resources */ = {isa = PBXBuildFile; fileRef = A72C37BF18F7E90E009492B4 /* Images.xcassets */; };
		A72C37DE18F7EAB2009492B4 /* TableViewController.m in Sources */ = {isa = PBXBuildFile; fileRef = A72C37DD18F7EAB2009492B4 /* TableViewController.m */; };
/* End PBXBuildFile section */

/* Begin PBXFileReference section */
		A72C37A418F7E90E009492B4 /* Unwinding.app */ = {isa = PBXFileReference; explicitFileType = wrapper.application; includeInIndex = 0; path = Unwinding.app; sourceTree = BUILT_PRODUCTS_DIR; };
		A72C37A718F7E90E009492B4 /* Foundation.framework */ = {isa = PBXFileReference; lastKnownFileType = wrapper.framework; name = Foundation.framework; path = System/Library/Frameworks/Foundation.framework; sourceTree = SDKROOT; };
		A72C37A918F7E90E009492B4 /* CoreGraphics.framework */ = {isa = PBXFileReference; lastKnownFileType = wrapper.framework; name = CoreGraphics.framework; path = System/Library/Frameworks/CoreGraphics.framework; sourceTree = SDKROOT; };
		A72C37AB18F7E90E009492B4 /* UIKit.framework */ = {isa = PBXFileReference; lastKnownFileType = wrapper.framework; name = UIKit.framework; path = System/Library/Frameworks/UIKit.framework; sourceTree = SDKROOT; };
		A72C37AF18F7E90E009492B4 /* Unwinding-Info.plist */ = {isa = PBXFileReference; lastKnownFileType = text.plist.xml; path = "Unwinding-Info.plist"; sourceTree = "<group>"; };
		A72C37B318F7E90E009492B4 /* main.m */ = {isa = PBXFileReference; lastKnownFileType = sourcecode.c.objc; path = main.m; sourceTree = "<group>"; };
		A72C37B518F7E90E009492B4 /* Unwinding-Prefix.pch */ = {isa = PBXFileReference; lastKnownFileType = sourcecode.c.h; path = "Unwinding-Prefix.pch"; sourceTree = "<group>"; };
		A72C37B618F7E90E009492B4 /* AppDelegate.h */ = {isa = PBXFileReference; lastKnownFileType = sourcecode.c.h; path = AppDelegate.h; sourceTree = "<group>"; };
		A72C37B718F7E90E009492B4 /* AppDelegate.m */ = {isa = PBXFileReference; lastKnownFileType = sourcecode.c.objc; path = AppDelegate.m; sourceTree = "<group>"; };
		A72C37BA18F7E90E009492B4 /* Base */ = {isa = PBXFileReference; lastKnownFileType = file.storyboard; name = Base; path = Base.lproj/Main.storyboard; sourceTree = "<group>"; };
		A72C37BF18F7E90E009492B4 /* Images.xcassets */ = {isa = PBXFileReference; lastKnownFileType = folder.assetcatalog; path = Images.xcassets; sourceTree = "<group>"; };
		A72C37C618F7E90E009492B4 /* XCTest.framework */ = {isa = PBXFileReference; lastKnownFileType = wrapper.framework; name = XCTest.framework; path = Library/Frameworks/XCTest.framework; sourceTree = DEVELOPER_DIR; };
		A72C37DC18F7EAB2009492B4 /* TableViewController.h */ = {isa = PBXFileReference; fileEncoding = 4; lastKnownFileType = sourcecode.c.h; name = TableViewController.h; path = ../TableViewController.h; sourceTree = "<group>"; };
		A72C37DD18F7EAB2009492B4 /* TableViewController.m */ = {isa = PBXFileReference; fileEncoding = 4; lastKnownFileType = sourcecode.c.objc; name = TableViewController.m; path = ../TableViewController.m; sourceTree = "<group>"; };
/* End PBXFileReference section */

/* Begin PBXFrameworksBuildPhase section */
		A72C37A118F7E90E009492B4 /* Frameworks */ = {
			isa = PBXFrameworksBuildPhase;
			buildActionMask = 2147483647;
			files = (
				A72C37AA18F7E90E009492B4 /* CoreGraphics.framework in Frameworks */,
				A72C37AC18F7E90E009492B4 /* UIKit.framework in Frameworks */,
				A72C37A818F7E90E009492B4 /* Foundation.framework in Frameworks */,
			);
			runOnlyForDeploymentPostprocessing = 0;
		};
/* End PBXFrameworksBuildPhase section */

/* Begin PBXGroup section */
		A72C379B18F7E90E009492B4 = {
			isa = PBXGroup;
			children = (
				A72C37AD18F7E90E009492B4 /* Unwinding */,
				A72C37A618F7E90E009492B4 /* Frameworks */,
				A72C37A518F7E90E009492B4 /* Products */,
			);
			sourceTree = "<group>";
		};
		A72C37A518F7E90E009492B4 /* Products */ = {
			isa = PBXGroup;
			children = (
				A72C37A418F7E90E009492B4 /* Unwinding.app */,
			);
			name = Products;
			sourceTree = "<group>";
		};
		A72C37A618F7E90E009492B4 /* Frameworks */ = {
			isa = PBXGroup;
			children = (
				A72C37A718F7E90E009492B4 /* Foundation.framework */,
				A72C37A918F7E90E009492B4 /* CoreGraphics.framework */,
				A72C37AB18F7E90E009492B4 /* UIKit.framework */,
				A72C37C618F7E90E009492B4 /* XCTest.framework */,
			);
			name = Frameworks;
			sourceTree = "<group>";
		};
		A72C37AD18F7E90E009492B4 /* Unwinding */ = {
			isa = PBXGroup;
			children = (
				A72C37B618F7E90E009492B4 /* AppDelegate.h */,
				A72C37B718F7E90E009492B4 /* AppDelegate.m */,
				A72C37B918F7E90E009492B4 /* Main.storyboard */,
				A72C37DC18F7EAB2009492B4 /* TableViewController.h */,
				A72C37DD18F7EAB2009492B4 /* TableViewController.m */,
				A72C37BF18F7E90E009492B4 /* Images.xcassets */,
				A72C37AE18F7E90E009492B4 /* Supporting Files */,
			);
			path = Unwinding;
			sourceTree = "<group>";
		};
		A72C37AE18F7E90E009492B4 /* Supporting Files */ = {
			isa = PBXGroup;
			children = (
				A72C37AF18F7E90E009492B4 /* Unwinding-Info.plist */,
				A72C37B318F7E90E009492B4 /* main.m */,
				A72C37B518F7E90E009492B4 /* Unwinding-Prefix.pch */,
			);
			name = "Supporting Files";
			sourceTree = "<group>";
		};
/* End PBXGroup section */

/* Begin PBXNativeTarget section */
		A72C37A318F7E90E009492B4 /* Unwinding */ = {
			isa = PBXNativeTarget;
			buildConfigurationList = A72C37D618F7E90F009492B4 /* Build configuration list for PBXNativeTarget "Unwinding" */;
			buildPhases = (
				A72C37A018F7E90E009492B4 /* Sources */,
				A72C37A118F7E90E009492B4 /* Frameworks */,
				A72C37A218F7E90E009492B4 /* Resources */,
			);
			buildRules = (
			);
			dependencies = (
			);
			name = Unwinding;
			productName = Unwinding;
			productReference = A72C37A418F7E90E009492B4 /* Unwinding.app */;
			productType = "com.apple.product-type.application";
		};
/* End PBXNativeTarget section */

/* Begin PBXProject section */
		A72C379C18F7E90E009492B4 /* Project object */ = {
			isa = PBXProject;
			attributes = {
				LastUpgradeCheck = 0510;
				ORGANIZATIONNAME = Cocoanetics;
			};
			buildConfigurationList = A72C379F18F7E90E009492B4 /* Build configuration list for PBXProject "Unwinding" */;
			compatibilityVersion = "Xcode 3.2";
			developmentRegion = English;
			hasScannedForEncodings = 0;
			knownRegions = (
				en,
				Base,
			);
			mainGroup = A72C379B18F7E90E009492B4;
			productRefGroup = A72C37A518F7E90E009492B4 /* Products */;
			projectDirPath = "";
			projectRoot = "";
			targets = (
				A72C37A318F7E90E009492B4 /* Unwinding */,
			);
		};
/* End PBXProject section */

/* Begin PBXResourcesBuildPhase section */
		A72C37A218F7E90E009492B4 /* Resources */ = {
			isa = PBXResourcesBuildPhase;
			buildActionMask = 2147483647;
			files = (
				A72C37C018F7E90E009492B4 /* Images.xcassets in Resources */,
				A72C37BB18F7E90E009492B4 /* Main.storyboard in Resources */,
			);
			runOnlyForDeploymentPostprocessing = 0;
		};
/* End PBXResourcesBuildPhase section */

/* Begin PBXSourcesBuildPhase section */
		A72C37A018F7E90E009492B4 /* Sources */ = {
			isa = PBXSourcesBuildPhase;
			buildActionMask = 2147483647;
			files = (
				A72C37B818F7E90E009492B4 /* AppDelegate.m in Sources */,
				A72C37B418F7E90E009492B4 /* main.m in Sources */,
				A72C37DE18F7EAB2009492B4 /* TableViewController.m in Sources */,
			);
			runOnlyForDeploymentPostprocessing = 0;
		};
/* End PBXSourcesBuildPhase section */

/* Begin PBXVariantGroup section */
		A72C37B918F7E90E009492B4 /* Main.storyboard */ = {
			isa = PBXVariantGroup;
			children = (
				A72C37BA18F7E90E009492B4 /* Base */,
			);
			name = Main.storyboard;
			sourceTree = "<group>";
		};
/* End PBXVariantGroup section */

/* Begin XCBuildConfiguration section */
		A72C37D418F7E90F009492B4 /* Debug */ = {
			isa = XCBuildConfiguration;
			buildSettings = {
				ALWAYS_SEARCH_USER_PATHS = NO;
				CLANG_CXX_LANGUAGE_STANDARD = "gnu++0x";
				CLANG_CXX_LIBRARY = "libc++";
				CLANG_ENABLE_MODULES = YES;
				CLANG_ENABLE_OBJC_ARC = YES;
				CLANG_WARN_BOOL_CONVERSION = YES;
				CLANG_WARN_CONSTANT_CONVERSION = YES;
				CLANG_WARN_DIRECT_OBJC_ISA_USAGE = YES_ERROR;
				CLANG_WARN_EMPTY_BODY = YES;
				CLANG_WARN_ENUM_CONVERSION = YES;
				CLANG_WARN_INT_CONVERSION = YES;
				CLANG_WARN_OBJC_ROOT_CLASS = YES_ERROR;
				CLANG_WARN__DUPLICATE_METHOD_MATCH = YES;
				"CODE_SIGN_IDENTITY[sdk=iphoneos*]" = "iPhone Developer";
				COPY_PHASE_STRIP = NO;
				GCC_C_LANGUAGE_STANDARD = gnu99;
				GCC_DYNAMIC_NO_PIC = NO;
				GCC_OPTIMIZATION_LEVEL = 0;
				GCC_PREPROCESSOR_DEFINITIONS = (
					"DEBUG=1",
					"$(inherited)",
				);
				GCC_SYMBOLS_PRIVATE_EXTERN = NO;
				GCC_WARN_64_TO_32_BIT_CONVERSION = YES;
				GCC_WARN_ABOUT_RETURN_TYPE = YES_ERROR;
				GCC_WARN_UNDECLARED_SELECTOR = YES;
				GCC_WARN_UNINITIALIZED_AUTOS = YES_AGGRESSIVE;
				GCC_WARN_UNUSED_FUNCTION = YES;
				GCC_WARN_UNUSED_VARIABLE = YES;
				IPHONEOS_DEPLOYMENT_TARGET = 7.1;
				ONLY_ACTIVE_ARCH = YES;
				SDKROOT = iphoneos;
			};
			name = Debug;
		};
		A72C37D518F7E90F009492B4 /* Release */ = {
			isa = XCBuildConfiguration;
			buildSettings = {
				ALWAYS_SEARCH_USER_PATHS = NO;
				CLANG_CXX_LANGUAGE_STANDARD = "gnu++0x";
				CLANG_CXX_LIBRARY = "libc++";
				CLANG_ENABLE_MODULES = YES;
				CLANG_ENABLE_OBJC_ARC = YES;
				CLANG_WARN_BOOL_CONVERSION = YES;
				CLANG_WARN_CONSTANT_CONVERSION = YES;
				CLANG_WARN_DIRECT_OBJC_ISA_USAGE = YES_ERROR;
				CLANG_WARN_EMPTY_BODY = YES;
				CLANG_WARN_ENUM_CONVERSION = YES;
				CLANG_WARN_INT_CONVERSION = YES;
				CLANG_WARN_OBJC_ROOT_CLASS = YES_ERROR;
				CLANG_WARN__DUPLICATE_METHOD_MATCH = YES;
				"CODE_SIGN_IDENTITY[sdk=iphoneos*]" = "iPhone Developer";
				COPY_PHASE_STRIP = YES;
				ENABLE_NS_ASSERTIONS = NO;
				GCC_C_LANGUAGE_STANDARD = gnu99;
				GCC_WARN_64_TO_32_BIT_CONVERSION = YES;
				GCC_WARN_ABOUT_RETURN_TYPE = YES_ERROR;
				GCC_WARN_UNDECLARED_SELECTOR = YES;
				GCC_WARN_UNINITIALIZED_AUTOS = YES_AGGRESSIVE;
				GCC_WARN_UNUSED_FUNCTION = YES;
				GCC_WARN_UNUSED_VARIABLE = YES;
				IPHONEOS_DEPLOYMENT_TARGET = 7.1;
				SDKROOT = iphoneos;
				VALIDATE_PRODUCT = YES;
			};
			name = Release;
		};
		A72C37D718F7E90F009492B4 /* Debug */ = {
			isa = XCBuildConfiguration;
			buildSettings = {
				ASSETCATALOG_COMPILER_APPICON_NAME = AppIcon;
				ASSETCATALOG_COMPILER_LAUNCHIMAGE_NAME = LaunchImage;
				GCC_PRECOMPILE_PREFIX_HEADER = YES;
				GCC_PREFIX_HEADER = "Unwinding/Unwinding-Prefix.pch";
				INFOPLIST_FILE = "Unwinding/Unwinding-Info.plist";
				PRODUCT_NAME = "$(TARGET_NAME)";
				WRAPPER_EXTENSION = app;
			};
			name = Debug;
		};
		A72C37D818F7E90F009492B4 /* Release */ = {
			isa = XCBuildConfiguration;
			buildSettings = {
				ASSETCATALOG_COMPILER_APPICON_NAME = AppIcon;
				ASSETCATALOG_COMPILER_LAUNCHIMAGE_NAME = LaunchImage;
				GCC_PRECOMPILE_PREFIX_HEADER = YES;
				GCC_PREFIX_HEADER = "Unwinding/Unwinding-Prefix.pch";
				INFOPLIST_FILE = "Unwinding/Unwinding-Info.plist";
				PRODUCT_NAME = "$(TARGET_NAME)";
				WRAPPER_EXTENSION = app;
			};
			name = Release;
		};
/* End XCBuildConfiguration section */

/* Begin XCConfigurationList section */
		A72C379F18F7E90E009492B4 /* Build configuration list for PBXProject "Unwinding" */ = {
			isa = XCConfigurationList;
			buildConfigurations = (
				A72C37D418F7E90F009492B4 /* Debug */,
				A72C37D518F7E90F009492B4 /* Release */,
			);
			defaultConfigurationIsVisible = 0;
			defaultConfigurationName = Release;
		};
		A72C37D618F7E90F009492B4 /* Build configuration list for PBXNativeTarget "Unwinding" */ = {
			isa = XCConfigurationList;
			buildConfigurations = (
				A72C37D718F7E90F009492B4 /* Debug */,
				A72C37D818F7E90F009492B4 /* Release */,
			);
			defaultConfigurationIsVisible = 0;
		};
/* End XCConfigurationList section */
	};
	rootObject = A72C379C18F7E90E009492B4 /* Project object */;
}
