// !$*UTF8*$!
{
	archiveVersion = 1;
	classes = {
	};
	objectVersion = 46;
	objects = {

/* Begin PBXBuildFile section */
		A709DE351925F43800D453D7 /* Foundation.framework in Frameworks */ = {isa = PBXBuildFile; fileRef = A709DE341925F43800D453D7 /* Foundation.framework */; };
		A709DE371925F43800D453D7 /* CoreGraphics.framework in Frameworks */ = {isa = PBXBuildFile; fileRef = A709DE361925F43800D453D7 /* CoreGraphics.framework */; };
		A709DE391925F43800D453D7 /* UIKit.framework in Frameworks */ = {isa = PBXBuildFile; fileRef = A709DE381925F43800D453D7 /* UIKit.framework */; };
		A709DE411925F43800D453D7 /* main.m in Sources */ = {isa = PBXBuildFile; fileRef = A709DE401925F43800D453D7 /* main.m */; };
		A709DE451925F43800D453D7 /* AppDelegate.m in Sources */ = {isa = PBXBuildFile; fileRef = A709DE441925F43800D453D7 /* AppDelegate.m */; };
		A709DE481925F43800D453D7 /* Main.storyboard in Resources */ = {isa = PBXBuildFile; fileRef = A709DE461925F43800D453D7 /* Main.storyboard */; };
		A709DE4B1925F43800D453D7 /* SearchViewController.m in Sources */ = {isa = PBXBuildFile; fileRef = A709DE4A1925F43800D453D7 /* SearchViewController.m */; };
		A709DE4D1925F43800D453D7 /* Images.xcassets in Resources */ = {isa = PBXBuildFile; fileRef = A709DE4C1925F43800D453D7 /* Images.xcassets */; };
		A709DE6A192601B000D453D7 /* CoreLocation.framework in Frameworks */ = {isa = PBXBuildFile; fileRef = A709DE69192601B000D453D7 /* CoreLocation.framework */; };
		A709DE7019260C0C00D453D7 /* PlacemarkCell.m in Sources */ = {isa = PBXBuildFile; fileRef = A709DE6F19260C0C00D453D7 /* PlacemarkCell.m */; };
		A709DE73192632D800D453D7 /* MapViewController.m in Sources */ = {isa = PBXBuildFile; fileRef = A709DE72192632D800D453D7 /* MapViewController.m */; };
		A709DE751926330300D453D7 /* MapKit.framework in Frameworks */ = {isa = PBXBuildFile; fileRef = A709DE741926330300D453D7 /* MapKit.framework */; };
		A709DE7719263DDC00D453D7 /* AddressBookUI.framework in Frameworks */ = {isa = PBXBuildFile; fileRef = A709DE7619263DDC00D453D7 /* AddressBookUI.framework */; };
/* End PBXBuildFile section */

/* Begin PBXFileReference section */
		A709DE311925F43800D453D7 /* ForwardGeocoder.app */ = {isa = PBXFileReference; explicitFileType = wrapper.application; includeInIndex = 0; path = ForwardGeocoder.app; sourceTree = BUILT_PRODUCTS_DIR; };
		A709DE341925F43800D453D7 /* Foundation.framework */ = {isa = PBXFileReference; lastKnownFileType = wrapper.framework; name = Foundation.framework; path = System/Library/Frameworks/Foundation.framework; sourceTree = SDKROOT; };
		A709DE361925F43800D453D7 /* CoreGraphics.framework */ = {isa = PBXFileReference; lastKnownFileType = wrapper.framework; name = CoreGraphics.framework; path = System/Library/Frameworks/CoreGraphics.framework; sourceTree = SDKROOT; };
		A709DE381925F43800D453D7 /* UIKit.framework */ = {isa = PBXFileReference; lastKnownFileType = wrapper.framework; name = UIKit.framework; path = System/Library/Frameworks/UIKit.framework; sourceTree = SDKROOT; };
		A709DE3C1925F43800D453D7 /* ForwardGeocoder-Info.plist */ = {isa = PBXFileReference; lastKnownFileType = text.plist.xml; path = "ForwardGeocoder-Info.plist"; sourceTree = "<group>"; };
		A709DE401925F43800D453D7 /* main.m */ = {isa = PBXFileReference; lastKnownFileType = sourcecode.c.objc; path = main.m; sourceTree = "<group>"; };
		A709DE421925F43800D453D7 /* ForwardGeocoder-Prefix.pch */ = {isa = PBXFileReference; lastKnownFileType = sourcecode.c.h; path = "ForwardGeocoder-Prefix.pch"; sourceTree = "<group>"; };
		A709DE431925F43800D453D7 /* AppDelegate.h */ = {isa = PBXFileReference; lastKnownFileType = sourcecode.c.h; path = AppDelegate.h; sourceTree = "<group>"; };
		A709DE441925F43800D453D7 /* AppDelegate.m */ = {isa = PBXFileReference; lastKnownFileType = sourcecode.c.objc; path = AppDelegate.m; sourceTree = "<group>"; };
		A709DE471925F43800D453D7 /* Base */ = {isa = PBXFileReference; lastKnownFileType = file.storyboard; name = Base; path = Base.lproj/Main.storyboard; sourceTree = "<group>"; };
		A709DE491925F43800D453D7 /* SearchViewController.h */ = {isa = PBXFileReference; lastKnownFileType = sourcecode.c.h; path = SearchViewController.h; sourceTree = "<group>"; };
		A709DE4A1925F43800D453D7 /* SearchViewController.m */ = {isa = PBXFileReference; lastKnownFileType = sourcecode.c.objc; path = SearchViewController.m; sourceTree = "<group>"; };
		A709DE4C1925F43800D453D7 /* Images.xcassets */ = {isa = PBXFileReference; lastKnownFileType = folder.assetcatalog; path = Images.xcassets; sourceTree = "<group>"; };
		A709DE69192601B000D453D7 /* CoreLocation.framework */ = {isa = PBXFileReference; lastKnownFileType = wrapper.framework; name = CoreLocation.framework; path = System/Library/Frameworks/CoreLocation.framework; sourceTree = SDKROOT; };
		A709DE6E19260C0C00D453D7 /* PlacemarkCell.h */ = {isa = PBXFileReference; fileEncoding = 4; lastKnownFileType = sourcecode.c.h; path = PlacemarkCell.h; sourceTree = "<group>"; };
		A709DE6F19260C0C00D453D7 /* PlacemarkCell.m */ = {isa = PBXFileReference; fileEncoding = 4; lastKnownFileType = sourcecode.c.objc; path = PlacemarkCell.m; sourceTree = "<group>"; };
		A709DE71192632D800D453D7 /* MapViewController.h */ = {isa = PBXFileReference; fileEncoding = 4; lastKnownFileType = sourcecode.c.h; path = MapViewController.h; sourceTree = "<group>"; };
		A709DE72192632D800D453D7 /* MapViewController.m */ = {isa = PBXFileReference; fileEncoding = 4; lastKnownFileType = sourcecode.c.objc; path = MapViewController.m; sourceTree = "<group>"; };
		A709DE741926330300D453D7 /* MapKit.framework */ = {isa = PBXFileReference; lastKnownFileType = wrapper.framework; name = MapKit.framework; path = System/Library/Frameworks/MapKit.framework; sourceTree = SDKROOT; };
		A709DE7619263DDC00D453D7 /* AddressBookUI.framework */ = {isa = PBXFileReference; lastKnownFileType = wrapper.framework; name = AddressBookUI.framework; path = System/Library/Frameworks/AddressBookUI.framework; sourceTree = SDKROOT; };
/* End PBXFileReference section */

/* Begin PBXFrameworksBuildPhase section */
		A709DE2E1925F43800D453D7 /* Frameworks */ = {
			isa = PBXFrameworksBuildPhase;
			buildActionMask = 2147483647;
			files = (
				A709DE7719263DDC00D453D7 /* AddressBookUI.framework in Frameworks */,
				A709DE751926330300D453D7 /* MapKit.framework in Frameworks */,
				A709DE6A192601B000D453D7 /* CoreLocation.framework in Frameworks */,
				A709DE371925F43800D453D7 /* CoreGraphics.framework in Frameworks */,
				A709DE391925F43800D453D7 /* UIKit.framework in Frameworks */,
				A709DE351925F43800D453D7 /* Foundation.framework in Frameworks */,
			);
			runOnlyForDeploymentPostprocessing = 0;
		};
/* End PBXFrameworksBuildPhase section */

/* Begin PBXGroup section */
		A709DE281925F43800D453D7 = {
			isa = PBXGroup;
			children = (
				A709DE3A1925F43800D453D7 /* ForwardGeocoder */,
				A709DE331925F43800D453D7 /* Frameworks */,
				A709DE321925F43800D453D7 /* Products */,
			);
			sourceTree = "<group>";
		};
		A709DE321925F43800D453D7 /* Products */ = {
			isa = PBXGroup;
			children = (
				A709DE311925F43800D453D7 /* ForwardGeocoder.app */,
			);
			name = Products;
			sourceTree = "<group>";
		};
		A709DE331925F43800D453D7 /* Frameworks */ = {
			isa = PBXGroup;
			children = (
				A709DE7619263DDC00D453D7 /* AddressBookUI.framework */,
				A709DE741926330300D453D7 /* MapKit.framework */,
				A709DE69192601B000D453D7 /* CoreLocation.framework */,
				A709DE341925F43800D453D7 /* Foundation.framework */,
				A709DE361925F43800D453D7 /* CoreGraphics.framework */,
				A709DE381925F43800D453D7 /* UIKit.framework */,
			);
			name = Frameworks;
			sourceTree = "<group>";
		};
		A709DE3A1925F43800D453D7 /* ForwardGeocoder */ = {
			isa = PBXGroup;
			children = (
				A709DE431925F43800D453D7 /* AppDelegate.h */,
				A709DE441925F43800D453D7 /* AppDelegate.m */,
				A709DE461925F43800D453D7 /* Main.storyboard */,
				A709DE71192632D800D453D7 /* MapViewController.h */,
				A709DE72192632D800D453D7 /* MapViewController.m */,
				A709DE6E19260C0C00D453D7 /* PlacemarkCell.h */,
				A709DE6F19260C0C00D453D7 /* PlacemarkCell.m */,
				A709DE491925F43800D453D7 /* SearchViewController.h */,
				A709DE4A1925F43800D453D7 /* SearchViewController.m */,
				A709DE4C1925F43800D453D7 /* Images.xcassets */,
				A709DE3B1925F43800D453D7 /* Supporting Files */,
			);
			path = ForwardGeocoder;
			sourceTree = "<group>";
		};
		A709DE3B1925F43800D453D7 /* Supporting Files */ = {
			isa = PBXGroup;
			children = (
				A709DE3C1925F43800D453D7 /* ForwardGeocoder-Info.plist */,
				A709DE401925F43800D453D7 /* main.m */,
				A709DE421925F43800D453D7 /* ForwardGeocoder-Prefix.pch */,
			);
			name = "Supporting Files";
			sourceTree = "<group>";
		};
/* End PBXGroup section */

/* Begin PBXNativeTarget section */
		A709DE301925F43800D453D7 /* ForwardGeocoder */ = {
			isa = PBXNativeTarget;
			buildConfigurationList = A709DE631925F43800D453D7 /* Build configuration list for PBXNativeTarget "ForwardGeocoder" */;
			buildPhases = (
				A709DE2D1925F43800D453D7 /* Sources */,
				A709DE2E1925F43800D453D7 /* Frameworks */,
				A709DE2F1925F43800D453D7 /* Resources */,
			);
			buildRules = (
			);
			dependencies = (
			);
			name = ForwardGeocoder;
			productName = ForwardGeocoder;
			productReference = A709DE311925F43800D453D7 /* ForwardGeocoder.app */;
			productType = "com.apple.product-type.application";
		};
/* End PBXNativeTarget section */

/* Begin PBXProject section */
		A709DE291925F43800D453D7 /* Project object */ = {
			isa = PBXProject;
			attributes = {
				LastUpgradeCheck = 0510;
				ORGANIZATIONNAME = Cocoanetics;
			};
			buildConfigurationList = A709DE2C1925F43800D453D7 /* Build configuration list for PBXProject "ForwardGeocoder" */;
			compatibilityVersion = "Xcode 3.2";
			developmentRegion = English;
			hasScannedForEncodings = 0;
			knownRegions = (
				en,
				Base,
			);
			mainGroup = A709DE281925F43800D453D7;
			productRefGroup = A709DE321925F43800D453D7 /* Products */;
			projectDirPath = "";
			projectRoot = "";
			targets = (
				A709DE301925F43800D453D7 /* ForwardGeocoder */,
			);
		};
/* End PBXProject section */

/* Begin PBXResourcesBuildPhase section */
		A709DE2F1925F43800D453D7 /* Resources */ = {
			isa = PBXResourcesBuildPhase;
			buildActionMask = 2147483647;
			files = (
				A709DE4D1925F43800D453D7 /* Images.xcassets in Resources */,
				A709DE481925F43800D453D7 /* Main.storyboard in Resources */,
			);
			runOnlyForDeploymentPostprocessing = 0;
		};
/* End PBXResourcesBuildPhase section */

/* Begin PBXSourcesBuildPhase section */
		A709DE2D1925F43800D453D7 /* Sources */ = {
			isa = PBXSourcesBuildPhase;
			buildActionMask = 2147483647;
			files = (
				A709DE4B1925F43800D453D7 /* SearchViewController.m in Sources */,
				A709DE7019260C0C00D453D7 /* PlacemarkCell.m in Sources */,
				A709DE451925F43800D453D7 /* AppDelegate.m in Sources */,
				A709DE73192632D800D453D7 /* MapViewController.m in Sources */,
				A709DE411925F43800D453D7 /* main.m in Sources */,
			);
			runOnlyForDeploymentPostprocessing = 0;
		};
/* End PBXSourcesBuildPhase section */

/* Begin PBXVariantGroup section */
		A709DE461925F43800D453D7 /* Main.storyboard */ = {
			isa = PBXVariantGroup;
			children = (
				A709DE471925F43800D453D7 /* Base */,
			);
			name = Main.storyboard;
			sourceTree = "<group>";
		};
/* End PBXVariantGroup section */

/* Begin XCBuildConfiguration section */
		A709DE611925F43800D453D7 /* Debug */ = {
			isa = XCBuildConfiguration;
			buildSettings = {
				ALWAYS_SEARCH_USER_PATHS = NO;
				CLANG_CXX_LANGUAGE_STANDARD = "gnu++0x";
				CLANG_CXX_LIBRARY = "libc++";
				CLANG_ENABLE_MODULES = YES;
				CLANG_ENABLE_OBJC_ARC = YES;
				CLANG_WARN_BOOL_CONVERSION = YES;
				CLANG_WARN_CONSTANT_CONVERSION = YES;
				CLANG_WARN_DIRECT_OBJC_ISA_USAGE = YES_ERROR;
				CLANG_WARN_EMPTY_BODY = YES;
				CLANG_WARN_ENUM_CONVERSION = YES;
				CLANG_WARN_INT_CONVERSION = YES;
				CLANG_WARN_OBJC_ROOT_CLASS = YES_ERROR;
				CLANG_WARN__DUPLICATE_METHOD_MATCH = YES;
				"CODE_SIGN_IDENTITY[sdk=iphoneos*]" = "iPhone Developer";
				COPY_PHASE_STRIP = NO;
				GCC_C_LANGUAGE_STANDARD = gnu99;
				GCC_DYNAMIC_NO_PIC = NO;
				GCC_OPTIMIZATION_LEVEL = 0;
				GCC_PREPROCESSOR_DEFINITIONS = (
					"DEBUG=1",
					"$(inherited)",
				);
				GCC_SYMBOLS_PRIVATE_EXTERN = NO;
				GCC_WARN_64_TO_32_BIT_CONVERSION = YES;
				GCC_WARN_ABOUT_RETURN_TYPE = YES_ERROR;
				GCC_WARN_UNDECLARED_SELECTOR = YES;
				GCC_WARN_UNINITIALIZED_AUTOS = YES_AGGRESSIVE;
				GCC_WARN_UNUSED_FUNCTION = YES;
				GCC_WARN_UNUSED_VARIABLE = YES;
				IPHONEOS_DEPLOYMENT_TARGET = 7.1;
				ONLY_ACTIVE_ARCH = YES;
				SDKROOT = iphoneos;
			};
			name = Debug;
		};
		A709DE621925F43800D453D7 /* Release */ = {
			isa = XCBuildConfiguration;
			buildSettings = {
				ALWAYS_SEARCH_USER_PATHS = NO;
				CLANG_CXX_LANGUAGE_STANDARD = "gnu++0x";
				CLANG_CXX_LIBRARY = "libc++";
				CLANG_ENABLE_MODULES = YES;
				CLANG_ENABLE_OBJC_ARC = YES;
				CLANG_WARN_BOOL_CONVERSION = YES;
				CLANG_WARN_CONSTANT_CONVERSION = YES;
				CLANG_WARN_DIRECT_OBJC_ISA_USAGE = YES_ERROR;
				CLANG_WARN_EMPTY_BODY = YES;
				CLANG_WARN_ENUM_CONVERSION = YES;
				CLANG_WARN_INT_CONVERSION = YES;
				CLANG_WARN_OBJC_ROOT_CLASS = YES_ERROR;
				CLANG_WARN__DUPLICATE_METHOD_MATCH = YES;
				"CODE_SIGN_IDENTITY[sdk=iphoneos*]" = "iPhone Developer";
				COPY_PHASE_STRIP = YES;
				ENABLE_NS_ASSERTIONS = NO;
				GCC_C_LANGUAGE_STANDARD = gnu99;
				GCC_WARN_64_TO_32_BIT_CONVERSION = YES;
				GCC_WARN_ABOUT_RETURN_TYPE = YES_ERROR;
				GCC_WARN_UNDECLARED_SELECTOR = YES;
				GCC_WARN_UNINITIALIZED_AUTOS = YES_AGGRESSIVE;
				GCC_WARN_UNUSED_FUNCTION = YES;
				GCC_WARN_UNUSED_VARIABLE = YES;
				IPHONEOS_DEPLOYMENT_TARGET = 7.1;
				SDKROOT = iphoneos;
				VALIDATE_PRODUCT = YES;
			};
			name = Release;
		};
		A709DE641925F43800D453D7 /* Debug */ = {
			isa = XCBuildConfiguration;
			buildSettings = {
				ASSETCATALOG_COMPILER_APPICON_NAME = AppIcon;
				ASSETCATALOG_COMPILER_LAUNCHIMAGE_NAME = LaunchImage;
				GCC_PRECOMPILE_PREFIX_HEADER = YES;
				GCC_PREFIX_HEADER = "ForwardGeocoder/ForwardGeocoder-Prefix.pch";
				INFOPLIST_FILE = "ForwardGeocoder/ForwardGeocoder-Info.plist";
				PRODUCT_NAME = "$(TARGET_NAME)";
				WRAPPER_EXTENSION = app;
			};
			name = Debug;
		};
		A709DE651925F43800D453D7 /* Release */ = {
			isa = XCBuildConfiguration;
			buildSettings = {
				ASSETCATALOG_COMPILER_APPICON_NAME = AppIcon;
				ASSETCATALOG_COMPILER_LAUNCHIMAGE_NAME = LaunchImage;
				GCC_PRECOMPILE_PREFIX_HEADER = YES;
				GCC_PREFIX_HEADER = "ForwardGeocoder/ForwardGeocoder-Prefix.pch";
				INFOPLIST_FILE = "ForwardGeocoder/ForwardGeocoder-Info.plist";
				PRODUCT_NAME = "$(TARGET_NAME)";
				WRAPPER_EXTENSION = app;
			};
			name = Release;
		};
/* End XCBuildConfiguration section */

/* Begin XCConfigurationList section */
		A709DE2C1925F43800D453D7 /* Build configuration list for PBXProject "ForwardGeocoder" */ = {
			isa = XCConfigurationList;
			buildConfigurations = (
				A709DE611925F43800D453D7 /* Debug */,
				A709DE621925F43800D453D7 /* Release */,
			);
			defaultConfigurationIsVisible = 0;
			defaultConfigurationName = Release;
		};
		A709DE631925F43800D453D7 /* Build configuration list for PBXNativeTarget "ForwardGeocoder" */ = {
			isa = XCConfigurationList;
			buildConfigurations = (
				A709DE641925F43800D453D7 /* Debug */,
				A709DE651925F43800D453D7 /* Release */,
			);
			defaultConfigurationIsVisible = 0;
		};
/* End XCConfigurationList section */
	};
	rootObject = A709DE291925F43800D453D7 /* Project object */;
}
