// !$*UTF8*$!
{
	archiveVersion = 1;
	classes = {
	};
	objectVersion = 46;
	objects = {

/* Begin PBXBuildFile section */
		A7896513197E66CE00855AC4 /* main.m in Sources */ = {isa = PBXBuildFile; fileRef = A7896512197E66CE00855AC4 /* main.m */; };
		A7896516197E66CE00855AC4 /* AppDelegate.m in Sources */ = {isa = PBXBuildFile; fileRef = A7896515197E66CE00855AC4 /* AppDelegate.m */; };
		A7896519197E66CE00855AC4 /* SquareCrop.xcdatamodeld in Sources */ = {isa = PBXBuildFile; fileRef = A7896517197E66CE00855AC4 /* SquareCrop.xcdatamodeld */; };
		A789651C197E66CE00855AC4 /* ViewController.m in Sources */ = {isa = PBXBuildFile; fileRef = A789651B197E66CE00855AC4 /* ViewController.m */; };
		A789651F197E66CE00855AC4 /* Main.storyboard in Resources */ = {isa = PBXBuildFile; fileRef = A789651D197E66CE00855AC4 /* Main.storyboard */; };
		A7896521197E66CE00855AC4 /* Images.xcassets in Resources */ = {isa = PBXBuildFile; fileRef = A7896520197E66CE00855AC4 /* Images.xcassets */; };
		A789652D197E66CE00855AC4 /* SquareCropTests.m in Sources */ = {isa = PBXBuildFile; fileRef = A789652C197E66CE00855AC4 /* SquareCropTests.m */; };
		A7896537197E66F600855AC4 /* Image.jpg in Resources */ = {isa = PBXBuildFile; fileRef = A7896536197E66F600855AC4 /* Image.jpg */; };
/* End PBXBuildFile section */

/* Begin PBXContainerItemProxy section */
		A7896527197E66CE00855AC4 /* PBXContainerItemProxy */ = {
			isa = PBXContainerItemProxy;
			containerPortal = A7896505197E66CE00855AC4 /* Project object */;
			proxyType = 1;
			remoteGlobalIDString = A789650C197E66CE00855AC4;
			remoteInfo = SquareCrop;
		};
		A7896538197E6C5000855AC4 /* PBXContainerItemProxy */ = {
			isa = PBXContainerItemProxy;
			containerPortal = A7896505197E66CE00855AC4 /* Project object */;
			proxyType = 1;
			remoteGlobalIDString = A789650C197E66CE00855AC4;
			remoteInfo = SquareCrop;
		};
/* End PBXContainerItemProxy section */

/* Begin PBXFileReference section */
		A789650D197E66CE00855AC4 /* SquareCrop.app */ = {isa = PBXFileReference; explicitFileType = wrapper.application; includeInIndex = 0; path = SquareCrop.app; sourceTree = BUILT_PRODUCTS_DIR; };
		A7896511197E66CE00855AC4 /* Info.plist */ = {isa = PBXFileReference; lastKnownFileType = text.plist.xml; path = Info.plist; sourceTree = "<group>"; };
		A7896512197E66CE00855AC4 /* main.m */ = {isa = PBXFileReference; lastKnownFileType = sourcecode.c.objc; path = main.m; sourceTree = "<group>"; };
		A7896514197E66CE00855AC4 /* AppDelegate.h */ = {isa = PBXFileReference; lastKnownFileType = sourcecode.c.h; path = AppDelegate.h; sourceTree = "<group>"; };
		A7896515197E66CE00855AC4 /* AppDelegate.m */ = {isa = PBXFileReference; lastKnownFileType = sourcecode.c.objc; path = AppDelegate.m; sourceTree = "<group>"; };
		A7896518197E66CE00855AC4 /* SquareCrop.xcdatamodel */ = {isa = PBXFileReference; lastKnownFileType = wrapper.xcdatamodel; path = SquareCrop.xcdatamodel; sourceTree = "<group>"; };
		A789651A197E66CE00855AC4 /* ViewController.h */ = {isa = PBXFileReference; lastKnownFileType = sourcecode.c.h; path = ViewController.h; sourceTree = "<group>"; };
		A789651B197E66CE00855AC4 /* ViewController.m */ = {isa = PBXFileReference; lastKnownFileType = sourcecode.c.objc; path = ViewController.m; sourceTree = "<group>"; };
		A789651E197E66CE00855AC4 /* Base */ = {isa = PBXFileReference; lastKnownFileType = file.storyboard; name = Base; path = Base.lproj/Main.storyboard; sourceTree = "<group>"; };
		A7896520197E66CE00855AC4 /* Images.xcassets */ = {isa = PBXFileReference; lastKnownFileType = folder.assetcatalog; path = Images.xcassets; sourceTree = "<group>"; };
		A7896526197E66CE00855AC4 /* SquareCropTests.xctest */ = {isa = PBXFileReference; explicitFileType = wrapper.cfbundle; includeInIndex = 0; path = SquareCropTests.xctest; sourceTree = BUILT_PRODUCTS_DIR; };
		A789652B197E66CE00855AC4 /* Info.plist */ = {isa = PBXFileReference; lastKnownFileType = text.plist.xml; path = Info.plist; sourceTree = "<group>"; };
		A789652C197E66CE00855AC4 /* SquareCropTests.m */ = {isa = PBXFileReference; lastKnownFileType = sourcecode.c.objc; path = SquareCropTests.m; sourceTree = "<group>"; };
		A7896536197E66F600855AC4 /* Image.jpg */ = {isa = PBXFileReference; lastKnownFileType = image.jpeg; path = Image.jpg; sourceTree = "<group>"; };
/* End PBXFileReference section */

/* Begin PBXFrameworksBuildPhase section */
		A789650A197E66CE00855AC4 /* Frameworks */ = {
			isa = PBXFrameworksBuildPhase;
			buildActionMask = 2147483647;
			files = (
			);
			runOnlyForDeploymentPostprocessing = 0;
		};
		A7896523197E66CE00855AC4 /* Frameworks */ = {
			isa = PBXFrameworksBuildPhase;
			buildActionMask = 2147483647;
			files = (
			);
			runOnlyForDeploymentPostprocessing = 0;
		};
/* End PBXFrameworksBuildPhase section */

/* Begin PBXGroup section */
		A7896504197E66CE00855AC4 = {
			isa = PBXGroup;
			children = (
				A789650F197E66CE00855AC4 /* SquareCrop */,
				A7896529197E66CE00855AC4 /* SquareCropTests */,
				A789650E197E66CE00855AC4 /* Products */,
			);
			sourceTree = "<group>";
		};
		A789650E197E66CE00855AC4 /* Products */ = {
			isa = PBXGroup;
			children = (
				A789650D197E66CE00855AC4 /* SquareCrop.app */,
				A7896526197E66CE00855AC4 /* SquareCropTests.xctest */,
			);
			name = Products;
			sourceTree = "<group>";
		};
		A789650F197E66CE00855AC4 /* SquareCrop */ = {
			isa = PBXGroup;
			children = (
				A7896536197E66F600855AC4 /* Image.jpg */,
				A7896514197E66CE00855AC4 /* AppDelegate.h */,
				A7896515197E66CE00855AC4 /* AppDelegate.m */,
				A789651A197E66CE00855AC4 /* ViewController.h */,
				A789651B197E66CE00855AC4 /* ViewController.m */,
				A789651D197E66CE00855AC4 /* Main.storyboard */,
				A7896520197E66CE00855AC4 /* Images.xcassets */,
				A7896517197E66CE00855AC4 /* SquareCrop.xcdatamodeld */,
				A7896510197E66CE00855AC4 /* Supporting Files */,
			);
			path = SquareCrop;
			sourceTree = "<group>";
		};
		A7896510197E66CE00855AC4 /* Supporting Files */ = {
			isa = PBXGroup;
			children = (
				A7896511197E66CE00855AC4 /* Info.plist */,
				A7896512197E66CE00855AC4 /* main.m */,
			);
			name = "Supporting Files";
			sourceTree = "<group>";
		};
		A7896529197E66CE00855AC4 /* SquareCropTests */ = {
			isa = PBXGroup;
			children = (
				A789652C197E66CE00855AC4 /* SquareCropTests.m */,
				A789652A197E66CE00855AC4 /* Supporting Files */,
			);
			path = SquareCropTests;
			sourceTree = "<group>";
		};
		A789652A197E66CE00855AC4 /* Supporting Files */ = {
			isa = PBXGroup;
			children = (
				A789652B197E66CE00855AC4 /* Info.plist */,
			);
			name = "Supporting Files";
			sourceTree = "<group>";
		};
/* End PBXGroup section */

/* Begin PBXNativeTarget section */
		A789650C197E66CE00855AC4 /* SquareCrop */ = {
			isa = PBXNativeTarget;
			buildConfigurationList = A7896530197E66CE00855AC4 /* Build configuration list for PBXNativeTarget "SquareCrop" */;
			buildPhases = (
				A7896509197E66CE00855AC4 /* Sources */,
				A789650A197E66CE00855AC4 /* Frameworks */,
				A789650B197E66CE00855AC4 /* Resources */,
			);
			buildRules = (
			);
			dependencies = (
			);
			name = SquareCrop;
			productName = SquareCrop;
			productReference = A789650D197E66CE00855AC4 /* SquareCrop.app */;
			productType = "com.apple.product-type.application";
		};
		A7896525197E66CE00855AC4 /* SquareCropTests */ = {
			isa = PBXNativeTarget;
			buildConfigurationList = A7896533197E66CE00855AC4 /* Build configuration list for PBXNativeTarget "SquareCropTests" */;
			buildPhases = (
				A7896522197E66CE00855AC4 /* Sources */,
				A7896523197E66CE00855AC4 /* Frameworks */,
				A7896524197E66CE00855AC4 /* Resources */,
			);
			buildRules = (
			);
			dependencies = (
				A7896528197E66CE00855AC4 /* PBXTargetDependency */,
				A7896539197E6C5000855AC4 /* PBXTargetDependency */,
			);
			name = SquareCropTests;
			productName = SquareCropTests;
			productReference = A7896526197E66CE00855AC4 /* SquareCropTests.xctest */;
			productType = "com.apple.product-type.bundle.unit-test";
		};
/* End PBXNativeTarget section */

/* Begin PBXProject section */
		A7896505197E66CE00855AC4 /* Project object */ = {
			isa = PBXProject;
			attributes = {
				LastUpgradeCheck = 0600;
				ORGANIZATIONNAME = Cocoanetics;
				TargetAttributes = {
					A789650C197E66CE00855AC4 = {
						CreatedOnToolsVersion = 6.0;
					};
					A7896525197E66CE00855AC4 = {
						CreatedOnToolsVersion = 6.0;
						TestTargetID = A789650C197E66CE00855AC4;
					};
				};
			};
			buildConfigurationList = A7896508197E66CE00855AC4 /* Build configuration list for PBXProject "SquareCrop" */;
			compatibilityVersion = "Xcode 3.2";
			developmentRegion = English;
			hasScannedForEncodings = 0;
			knownRegions = (
				en,
				Base,
			);
			mainGroup = A7896504197E66CE00855AC4;
			productRefGroup = A789650E197E66CE00855AC4 /* Products */;
			projectDirPath = "";
			projectRoot = "";
			targets = (
				A789650C197E66CE00855AC4 /* SquareCrop */,
				A7896525197E66CE00855AC4 /* SquareCropTests */,
			);
		};
/* End PBXProject section */

/* Begin PBXResourcesBuildPhase section */
		A789650B197E66CE00855AC4 /* Resources */ = {
			isa = PBXResourcesBuildPhase;
			buildActionMask = 2147483647;
			files = (
				A7896537197E66F600855AC4 /* Image.jpg in Resources */,
				A789651F197E66CE00855AC4 /* Main.storyboard in Resources */,
				A7896521197E66CE00855AC4 /* Images.xcassets in Resources */,
			);
			runOnlyForDeploymentPostprocessing = 0;
		};
		A7896524197E66CE00855AC4 /* Resources */ = {
			isa = PBXResourcesBuildPhase;
			buildActionMask = 2147483647;
			files = (
			);
			runOnlyForDeploymentPostprocessing = 0;
		};
/* End PBXResourcesBuildPhase section */

/* Begin PBXSourcesBuildPhase section */
		A7896509197E66CE00855AC4 /* Sources */ = {
			isa = PBXSourcesBuildPhase;
			buildActionMask = 2147483647;
			files = (
				A7896516197E66CE00855AC4 /* AppDelegate.m in Sources */,
				A7896519197E66CE00855AC4 /* SquareCrop.xcdatamodeld in Sources */,
				A789651C197E66CE00855AC4 /* ViewController.m in Sources */,
				A7896513197E66CE00855AC4 /* main.m in Sources */,
			);
			runOnlyForDeploymentPostprocessing = 0;
		};
		A7896522197E66CE00855AC4 /* Sources */ = {
			isa = PBXSourcesBuildPhase;
			buildActionMask = 2147483647;
			files = (
				A789652D197E66CE00855AC4 /* SquareCropTests.m in Sources */,
			);
			runOnlyForDeploymentPostprocessing = 0;
		};
/* End PBXSourcesBuildPhase section */

/* Begin PBXTargetDependency section */
		A7896528197E66CE00855AC4 /* PBXTargetDependency */ = {
			isa = PBXTargetDependency;
			target = A789650C197E66CE00855AC4 /* SquareCrop */;
			targetProxy = A7896527197E66CE00855AC4 /* PBXContainerItemProxy */;
		};
		A7896539197E6C5000855AC4 /* PBXTargetDependency */ = {
			isa = PBXTargetDependency;
			target = A789650C197E66CE00855AC4 /* SquareCrop */;
			targetProxy = A7896538197E6C5000855AC4 /* PBXContainerItemProxy */;
		};
/* End PBXTargetDependency section */

/* Begin PBXVariantGroup section */
		A789651D197E66CE00855AC4 /* Main.storyboard */ = {
			isa = PBXVariantGroup;
			children = (
				A789651E197E66CE00855AC4 /* Base */,
			);
			name = Main.storyboard;
			sourceTree = "<group>";
		};
/* End PBXVariantGroup section */

/* Begin XCBuildConfiguration section */
		A789652E197E66CE00855AC4 /* Debug */ = {
			isa = XCBuildConfiguration;
			buildSettings = {
				ALWAYS_SEARCH_USER_PATHS = NO;
				CLANG_CXX_LANGUAGE_STANDARD = "gnu++0x";
				CLANG_CXX_LIBRARY = "libc++";
				CLANG_ENABLE_MODULES = YES;
				CLANG_ENABLE_OBJC_ARC = YES;
				CLANG_WARN_BOOL_CONVERSION = YES;
				CLANG_WARN_CONSTANT_CONVERSION = YES;
				CLANG_WARN_DIRECT_OBJC_ISA_USAGE = YES_ERROR;
				CLANG_WARN_EMPTY_BODY = YES;
				CLANG_WARN_ENUM_CONVERSION = YES;
				CLANG_WARN_INT_CONVERSION = YES;
				CLANG_WARN_OBJC_ROOT_CLASS = YES_ERROR;
				CLANG_WARN_UNREACHABLE_CODE = YES;
				CLANG_WARN__DUPLICATE_METHOD_MATCH = YES;
				"CODE_SIGN_IDENTITY[sdk=iphoneos*]" = "iPhone Developer";
				COPY_PHASE_STRIP = NO;
				ENABLE_STRICT_OBJC_MSGSEND = YES;
				GCC_C_LANGUAGE_STANDARD = gnu99;
				GCC_DYNAMIC_NO_PIC = NO;
				GCC_OPTIMIZATION_LEVEL = 0;
				GCC_PREPROCESSOR_DEFINITIONS = (
					"DEBUG=1",
					"$(inherited)",
				);
				GCC_SYMBOLS_PRIVATE_EXTERN = NO;
				GCC_WARN_64_TO_32_BIT_CONVERSION = YES;
				GCC_WARN_ABOUT_RETURN_TYPE = YES_ERROR;
				GCC_WARN_UNDECLARED_SELECTOR = YES;
				GCC_WARN_UNINITIALIZED_AUTOS = YES_AGGRESSIVE;
				GCC_WARN_UNUSED_FUNCTION = YES;
				GCC_WARN_UNUSED_VARIABLE = YES;
				IPHONEOS_DEPLOYMENT_TARGET = 8.0;
				MTL_ENABLE_DEBUG_INFO = YES;
				ONLY_ACTIVE_ARCH = YES;
				SDKROOT = iphoneos;
			};
			name = Debug;
		};
		A789652F197E66CE00855AC4 /* Release */ = {
			isa = XCBuildConfiguration;
			buildSettings = {
				ALWAYS_SEARCH_USER_PATHS = NO;
				CLANG_CXX_LANGUAGE_STANDARD = "gnu++0x";
				CLANG_CXX_LIBRARY = "libc++";
				CLANG_ENABLE_MODULES = YES;
				CLANG_ENABLE_OBJC_ARC = YES;
				CLANG_WARN_BOOL_CONVERSION = YES;
				CLANG_WARN_CONSTANT_CONVERSION = YES;
				CLANG_WARN_DIRECT_OBJC_ISA_USAGE = YES_ERROR;
				CLANG_WARN_EMPTY_BODY = YES;
				CLANG_WARN_ENUM_CONVERSION = YES;
				CLANG_WARN_INT_CONVERSION = YES;
				CLANG_WARN_OBJC_ROOT_CLASS = YES_ERROR;
				CLANG_WARN_UNREACHABLE_CODE = YES;
				CLANG_WARN__DUPLICATE_METHOD_MATCH = YES;
				"CODE_SIGN_IDENTITY[sdk=iphoneos*]" = "iPhone Developer";
				COPY_PHASE_STRIP = YES;
				ENABLE_NS_ASSERTIONS = NO;
				ENABLE_STRICT_OBJC_MSGSEND = YES;
				GCC_C_LANGUAGE_STANDARD = gnu99;
				GCC_WARN_64_TO_32_BIT_CONVERSION = YES;
				GCC_WARN_ABOUT_RETURN_TYPE = YES_ERROR;
				GCC_WARN_UNDECLARED_SELECTOR = YES;
				GCC_WARN_UNINITIALIZED_AUTOS = YES_AGGRESSIVE;
				GCC_WARN_UNUSED_FUNCTION = YES;
				GCC_WARN_UNUSED_VARIABLE = YES;
				IPHONEOS_DEPLOYMENT_TARGET = 8.0;
				MTL_ENABLE_DEBUG_INFO = NO;
				SDKROOT = iphoneos;
				VALIDATE_PRODUCT = YES;
			};
			name = Release;
		};
		A7896531197E66CE00855AC4 /* Debug */ = {
			isa = XCBuildConfiguration;
			buildSettings = {
				ASSETCATALOG_COMPILER_APPICON_NAME = AppIcon;
				ASSETCATALOG_COMPILER_LAUNCHIMAGE_NAME = LaunchImage;
				INFOPLIST_FILE = SquareCrop/Info.plist;
				IPHONEOS_DEPLOYMENT_TARGET = 6.0;
				LD_RUNPATH_SEARCH_PATHS = "$(inherited) @executable_path/Frameworks";
				PRODUCT_NAME = "$(TARGET_NAME)";
			};
			name = Debug;
		};
		A7896532197E66CE00855AC4 /* Release */ = {
			isa = XCBuildConfiguration;
			buildSettings = {
				ASSETCATALOG_COMPILER_APPICON_NAME = AppIcon;
				ASSETCATALOG_COMPILER_LAUNCHIMAGE_NAME = LaunchImage;
				INFOPLIST_FILE = SquareCrop/Info.plist;
				IPHONEOS_DEPLOYMENT_TARGET = 6.0;
				LD_RUNPATH_SEARCH_PATHS = "$(inherited) @executable_path/Frameworks";
				PRODUCT_NAME = "$(TARGET_NAME)";
			};
			name = Release;
		};
		A7896534197E66CE00855AC4 /* Debug */ = {
			isa = XCBuildConfiguration;
			buildSettings = {
				BUNDLE_LOADER = "$(BUILT_PRODUCTS_DIR)/SquareCrop.app/SquareCrop";
				FRAMEWORK_SEARCH_PATHS = (
					"$(SDKROOT)/Developer/Library/Frameworks",
					"$(inherited)",
				);
				GCC_PREPROCESSOR_DEFINITIONS = (
					"DEBUG=1",
					"$(inherited)",
				);
				INFOPLIST_FILE = SquareCropTests/Info.plist;
				LD_RUNPATH_SEARCH_PATHS = "$(inherited) @executable_path/Frameworks @loader_path/Frameworks";
				PRODUCT_NAME = "$(TARGET_NAME)";
				TEST_HOST = "$(BUNDLE_LOADER)";
			};
			name = Debug;
		};
		A7896535197E66CE00855AC4 /* Release */ = {
			isa = XCBuildConfiguration;
			buildSettings = {
				BUNDLE_LOADER = "$(BUILT_PRODUCTS_DIR)/SquareCrop.app/SquareCrop";
				FRAMEWORK_SEARCH_PATHS = (
					"$(SDKROOT)/Developer/Library/Frameworks",
					"$(inherited)",
				);
				INFOPLIST_FILE = SquareCropTests/Info.plist;
				LD_RUNPATH_SEARCH_PATHS = "$(inherited) @executable_path/Frameworks @loader_path/Frameworks";
				PRODUCT_NAME = "$(TARGET_NAME)";
				TEST_HOST = "$(BUNDLE_LOADER)";
			};
			name = Release;
		};
/* End XCBuildConfiguration section */

/* Begin XCConfigurationList section */
		A7896508197E66CE00855AC4 /* Build configuration list for PBXProject "SquareCrop" */ = {
			isa = XCConfigurationList;
			buildConfigurations = (
				A789652E197E66CE00855AC4 /* Debug */,
				A789652F197E66CE00855AC4 /* Release */,
			);
			defaultConfigurationIsVisible = 0;
			defaultConfigurationName = Release;
		};
		A7896530197E66CE00855AC4 /* Build configuration list for PBXNativeTarget "SquareCrop" */ = {
			isa = XCConfigurationList;
			buildConfigurations = (
				A7896531197E66CE00855AC4 /* Debug */,
				A7896532197E66CE00855AC4 /* Release */,
			);
			defaultConfigurationIsVisible = 0;
			defaultConfigurationName = Release;
		};
		A7896533197E66CE00855AC4 /* Build configuration list for PBXNativeTarget "SquareCropTests" */ = {
			isa = XCConfigurationList;
			buildConfigurations = (
				A7896534197E66CE00855AC4 /* Debug */,
				A7896535197E66CE00855AC4 /* Release */,
			);
			defaultConfigurationIsVisible = 0;
			defaultConfigurationName = Release;
		};
/* End XCConfigurationList section */

/* Begin XCVersionGroup section */
		A7896517197E66CE00855AC4 /* SquareCrop.xcdatamodeld */ = {
			isa = XCVersionGroup;
			children = (
				A7896518197E66CE00855AC4 /* SquareCrop.xcdatamodel */,
			);
			currentVersion = A7896518197E66CE00855AC4 /* SquareCrop.xcdatamodel */;
			path = SquareCrop.xcdatamodeld;
			sourceTree = "<group>";
			versionGroupType = wrapper.xcdatamodel;
		};
/* End XCVersionGroup section */
	};
	rootObject = A7896505197E66CE00855AC4 /* Project object */;
}
